
Microsoft Visual Studio Solution File, Format Version 12.00
# Visual Studio Version 17
VisualStudioVersion = 17.0.31912.275
MinimumVisualStudioVersion = 10.0.40219.1
Project("{9A19103F-16F7-4668-BE54-9A1E7A4F7556}") = "Programa04_01SerializacionBinaria", "Programa04_01SerializacionBinaria.csproj", "{A0BF3096-D5B9-4442-B1CB-5A115D97CF30}"
EndProject
Global
	GlobalSection(SolutionConfigurationPlatforms) = preSolution
		Debug|Any CPU = Debug|Any CPU
		Release|Any CPU = Release|Any CPU
	EndGlobalSection
	GlobalSection(ProjectConfigurationPlatforms) = postSolution
		{A0BF3096-D5B9-4442-B1CB-5A115D97CF30}.Debug|Any CPU.ActiveCfg = Debug|Any CPU
		{A0BF3096-D5B9-4442-B1CB-5A115D97CF30}.Debug|Any CPU.Build.0 = Debug|Any CPU
		{A0BF3096-D5B9-4442-B1CB-5A115D97CF30}.Release|Any CPU.ActiveCfg = Release|Any CPU
		{A0BF3096-D5B9-4442-B1CB-5A115D97CF30}.Release|Any CPU.Build.0 = Release|Any CPU
	EndGlobalSection
	GlobalSection(SolutionProperties) = preSolution
		HideSolutionNode = FALSE
	EndGlobalSection
	GlobalSection(ExtensibilityGlobals) = postSolution
		SolutionGuid = {5671001A-9B9C-4346-8224-142B13C853F1}
	EndGlobalSection
EndGlobal
